
Microsoft Visual Studio Solution File, Format Version 12.00
# Visual Studio 15
VisualStudioVersion = 15.0.28307.329
MinimumVisualStudioVersion = 10.0.40219.1
Project("{FAE04EC0-301F-11D3-BF4B-00C04F79EFBC}") = "Assignment 2", "Assignment 2\Assignment 2.csproj", "{4EB7F82F-3446-4AD9-875B-6032A72AF903}"
EndProject
Global
	GlobalSection(SolutionConfigurationPlatforms) = preSolution
		Debug|Any CPU = Debug|Any CPU
		Release|Any CPU = Release|Any CPU
	EndGlobalSection
	GlobalSection(ProjectConfigurationPlatforms) = postSolution
		{4EB7F82F-3446-4AD9-875B-6032A72AF903}.Debug|Any CPU.ActiveCfg = Debug|Any CPU
		{4EB7F82F-3446-4AD9-875B-6032A72AF903}.Debug|Any CPU.Build.0 = Debug|Any CPU
		{4EB7F82F-3446-4AD9-875B-6032A72AF903}.Release|Any CPU.ActiveCfg = Release|Any CPU
		{4EB7F82F-3446-4AD9-875B-6032A72AF903}.Release|Any CPU.Build.0 = Release|Any CPU
	EndGlobalSection
	GlobalSection(SolutionProperties) = preSolution
		HideSolutionNode = FALSE
	EndGlobalSection
	GlobalSection(ExtensibilityGlobals) = postSolution
		SolutionGuid = {739C0464-49EE-45EE-BCE2-D04E5CA46331}
	EndGlobalSection
EndGlobal
