
Microsoft Visual Studio Solution File, Format Version 12.00
# Visual Studio 15
VisualStudioVersion = 15.0.28307.329
MinimumVisualStudioVersion = 10.0.40219.1
Project("{FAE04EC0-301F-11D3-BF4B-00C04F79EFBC}") = "Assignment 5", "Assignment 5\Assignment 5.csproj", "{DFAD9DD7-C8CE-49A2-B4E6-B591EEEEBE2E}"
EndProject
Global
	GlobalSection(SolutionConfigurationPlatforms) = preSolution
		Debug|Any CPU = Debug|Any CPU
		Release|Any CPU = Release|Any CPU
	EndGlobalSection
	GlobalSection(ProjectConfigurationPlatforms) = postSolution
		{DFAD9DD7-C8CE-49A2-B4E6-B591EEEEBE2E}.Debug|Any CPU.ActiveCfg = Debug|Any CPU
		{DFAD9DD7-C8CE-49A2-B4E6-B591EEEEBE2E}.Debug|Any CPU.Build.0 = Debug|Any CPU
		{DFAD9DD7-C8CE-49A2-B4E6-B591EEEEBE2E}.Release|Any CPU.ActiveCfg = Release|Any CPU
		{DFAD9DD7-C8CE-49A2-B4E6-B591EEEEBE2E}.Release|Any CPU.Build.0 = Release|Any CPU
	EndGlobalSection
	GlobalSection(SolutionProperties) = preSolution
		HideSolutionNode = FALSE
	EndGlobalSection
	GlobalSection(ExtensibilityGlobals) = postSolution
		SolutionGuid = {8CDEAAC0-4D44-46E3-85D5-E5396BA147C5}
	EndGlobalSection
EndGlobal
